
Microsoft Visual Studio Solution File, Format Version 12.00
# Visual Studio Version 17
VisualStudioVersion = 17.8.34322.80
MinimumVisualStudioVersion = 10.0.40219.1
Project("{FAE04EC0-301F-11D3-BF4B-00C04F79EFBC}") = "Speech", "Speech\Speech.csproj", "{5B788283-1440-44D4-B4B5-1561307EAA9E}"
EndProject
Global
	GlobalSection(SolutionConfigurationPlatforms) = preSolution
		Debug|Any CPU = Debug|Any CPU
		Release|Any CPU = Release|Any CPU
	EndGlobalSection
	GlobalSection(ProjectConfigurationPlatforms) = postSolution
		{5B788283-1440-44D4-B4B5-1561307EAA9E}.Debug|Any CPU.ActiveCfg = Debug|Any CPU
		{5B788283-1440-44D4-B4B5-1561307EAA9E}.Debug|Any CPU.Build.0 = Debug|Any CPU
		{5B788283-1440-44D4-B4B5-1561307EAA9E}.Release|Any CPU.ActiveCfg = Release|Any CPU
		{5B788283-1440-44D4-B4B5-1561307EAA9E}.Release|Any CPU.Build.0 = Release|Any CPU
	EndGlobalSection
	GlobalSection(SolutionProperties) = preSolution
		HideSolutionNode = FALSE
	EndGlobalSection
	GlobalSection(ExtensibilityGlobals) = postSolution
		SolutionGuid = {196B95FB-B6C6-4588-B624-DA39B433F4DD}
	EndGlobalSection
EndGlobal
